
Microsoft Visual Studio Solution File, Format Version 12.00
# Visual Studio 14
VisualStudioVersion = 14.0.25420.1
MinimumVisualStudioVersion = 10.0.40219.1
Project("{FAE04EC0-301F-11D3-BF4B-00C04F79EFBC}") = "angular2", "angular2\angular2.csproj", "{C5C3D27F-9152-4BD0-BF2A-E4B8CB0CEBD4}"
EndProject
Project("{FAE04EC0-301F-11D3-BF4B-00C04F79EFBC}") = "webapi", "webapi\webapi.csproj", "{D836DCF9-F492-4B77-85FA-72B71125432A}"
EndProject
Global
	GlobalSection(SolutionConfigurationPlatforms) = preSolution
		Debug|Any CPU = Debug|Any CPU
		Release|Any CPU = Release|Any CPU
	EndGlobalSection
	GlobalSection(ProjectConfigurationPlatforms) = postSolution
		{C5C3D27F-9152-4BD0-BF2A-E4B8CB0CEBD4}.Debug|Any CPU.ActiveCfg = Debug|Any CPU
		{C5C3D27F-9152-4BD0-BF2A-E4B8CB0CEBD4}.Debug|Any CPU.Build.0 = Debug|Any CPU
		{C5C3D27F-9152-4BD0-BF2A-E4B8CB0CEBD4}.Release|Any CPU.ActiveCfg = Release|Any CPU
		{C5C3D27F-9152-4BD0-BF2A-E4B8CB0CEBD4}.Release|Any CPU.Build.0 = Release|Any CPU
		{D836DCF9-F492-4B77-85FA-72B71125432A}.Debug|Any CPU.ActiveCfg = Debug|Any CPU
		{D836DCF9-F492-4B77-85FA-72B71125432A}.Debug|Any CPU.Build.0 = Debug|Any CPU
		{D836DCF9-F492-4B77-85FA-72B71125432A}.Release|Any CPU.ActiveCfg = Release|Any CPU
		{D836DCF9-F492-4B77-85FA-72B71125432A}.Release|Any CPU.Build.0 = Release|Any CPU
	EndGlobalSection
	GlobalSection(SolutionProperties) = preSolution
		HideSolutionNode = FALSE
	EndGlobalSection
EndGlobal
